
Microsoft Visual Studio Solution File, Format Version 12.00
# Visual Studio Version 17
VisualStudioVersion = 17.8.34408.163
MinimumVisualStudioVersion = 10.0.40219.1
Project("{FAE04EC0-301F-11D3-BF4B-00C04F79EFBC}") = "Splotch", "Splotch.csproj", "{62B61CCC-0775-4CF4-B37A-EB5E33CBD08C}"
EndProject
Global
	GlobalSection(SolutionConfigurationPlatforms) = preSolution
		Debug|Any CPU = Debug|Any CPU
		Release|Any CPU = Release|Any CPU
	EndGlobalSection
	GlobalSection(ProjectConfigurationPlatforms) = postSolution
		{62B61CCC-0775-4CF4-B37A-EB5E33CBD08C}.Debug|Any CPU.ActiveCfg = Debug|Any CPU
		{62B61CCC-0775-4CF4-B37A-EB5E33CBD08C}.Debug|Any CPU.Build.0 = Debug|Any CPU
		{62B61CCC-0775-4CF4-B37A-EB5E33CBD08C}.Release|Any CPU.ActiveCfg = Release|Any CPU
		{62B61CCC-0775-4CF4-B37A-EB5E33CBD08C}.Release|Any CPU.Build.0 = Release|Any CPU
	EndGlobalSection
	GlobalSection(SolutionProperties) = preSolution
		HideSolutionNode = FALSE
	EndGlobalSection
	GlobalSection(ExtensibilityGlobals) = postSolution
		SolutionGuid = {886BFD9E-1C18-44D7-8728-4F866019182D}
	EndGlobalSection
EndGlobal
